
Microsoft Visual Studio Solution File, Format Version 12.00
# Visual Studio Version 17
VisualStudioVersion = 17.9.34622.214
MinimumVisualStudioVersion = 10.0.40219.1
Project("{9A19103F-16F7-4668-BE54-9A1E7A4F7556}") = "usdtobgn", "usdtobgn\usdtobgn.csproj", "{6A886735-0F4E-4F5F-AE21-726E66ECE071}"
EndProject
Project("{9A19103F-16F7-4668-BE54-9A1E7A4F7556}") = "Catch Me", "Catch Me\Catch Me.csproj", "{9AA59196-B836-4775-BE96-F4F8CCEA4F47}"
EndProject
Project("{9A19103F-16F7-4668-BE54-9A1E7A4F7556}") = "Excellent Grade", "Excellent Grade\Excellent Grade.csproj", "{914EC4DD-9529-4109-BEBD-D3E90F886684}"
EndProject
Project("{9A19103F-16F7-4668-BE54-9A1E7A4F7556}") = "odd or even", "odd or even\odd or even.csproj", "{45147016-11D6-4256-9034-835454B5FE73}"
EndProject
Project("{9A19103F-16F7-4668-BE54-9A1E7A4F7556}") = "find the greater number", "find the greater number\find the greater number.csproj", "{A0EA67E3-C0D0-4F36-9462-81B59E0AC119}"
EndProject
Project("{9A19103F-16F7-4668-BE54-9A1E7A4F7556}") = "digit in words", "digit in words\digit in words.csproj", "{4299A4E7-F438-4D8D-AA15-2A722251AC62}"
EndProject
Project("{9A19103F-16F7-4668-BE54-9A1E7A4F7556}") = "summing up seconds", "summing up seconds\summing up seconds.csproj", "{D5CC1FC9-DA95-46F9-ADE3-26FE1A579789}"
EndProject
Project("{9A19103F-16F7-4668-BE54-9A1E7A4F7556}") = "Metric Converter", "Metric Converter\Metric Converter.csproj", "{B2DE14AB-0102-4D58-9184-6489CA4CE9BF}"
EndProject
Project("{9A19103F-16F7-4668-BE54-9A1E7A4F7556}") = "Numbers from 100 to 200", "Numbers from 100 to 200\Numbers from 100 to 200.csproj", "{481B27E3-7D19-4743-A578-893F00CEEBA6}"
EndProject
Project("{9A19103F-16F7-4668-BE54-9A1E7A4F7556}") = "Identical Words", "Identical Words\Identical Words.csproj", "{AC43CC0A-D3FE-449C-A7BF-45CE41A6AEA1}"
EndProject
Project("{9A19103F-16F7-4668-BE54-9A1E7A4F7556}") = "Speed Assessment", "Speed Assessment\Speed Assessment.csproj", "{D2812DFF-4334-4817-BE9F-47C6436AE627}"
EndProject
Project("{9A19103F-16F7-4668-BE54-9A1E7A4F7556}") = "Area Calculator", "Area Calculator\Area Calculator.csproj", "{74F51D90-CBEF-4FB4-8071-7C5D82798812}"
EndProject
Project("{9A19103F-16F7-4668-BE54-9A1E7A4F7556}") = "Time + 15 minutes", "Time + 15 minutes\Time + 15 minutes.csproj", "{E1C167B6-8F13-4F51-A3F2-EAAB4E77AF94}"
EndProject
Project("{9A19103F-16F7-4668-BE54-9A1E7A4F7556}") = "equal 3 numbers", "equal 3 numbers\equal 3 numbers.csproj", "{ACB8B690-F5E3-4BF8-B1BF-5406BC6B376E}"
EndProject
Project("{9A19103F-16F7-4668-BE54-9A1E7A4F7556}") = "Numbers from 0 to 100 as English Words", "Numbers from 0 to 100 as English Words\Numbers from 0 to 100 as English Words.csproj", "{5CF502C3-693F-42C7-AC78-D1C12F5788C3}"
EndProject
Project("{9A19103F-16F7-4668-BE54-9A1E7A4F7556}") = "Transportation Price", "Transportation Price\Transportation Price.csproj", "{AA254F1C-6420-40A8-B3BC-4AD092123AA4}"
EndProject
Project("{9A19103F-16F7-4668-BE54-9A1E7A4F7556}") = "Pipes in Pool", "Pipes in Pool\Pipes in Pool.csproj", "{E85A5351-1F4B-4C1D-831F-916001D64ED5}"
EndProject
Project("{9A19103F-16F7-4668-BE54-9A1E7A4F7556}") = "Sleepy Tom Cat", "Sleepy Tom Cat\Sleepy Tom Cat.csproj", "{D2B6C118-B858-4798-A127-37F2356F4129}"
EndProject
Project("{9A19103F-16F7-4668-BE54-9A1E7A4F7556}") = "Harvest", "Harvest\Harvest.csproj", "{51E3DA43-8649-49F9-AC67-1181E95F72CF}"
EndProject
Project("{9A19103F-16F7-4668-BE54-9A1E7A4F7556}") = "Firm", "Firm\Firm.csproj", "{CE7BB863-B65B-42F2-9092-A995996ED9EC}"
EndProject
Project("{9A19103F-16F7-4668-BE54-9A1E7A4F7556}") = "Personal Titles", "Personal Titles\Personal Titles.csproj", "{31314C83-41B8-4A45-9687-C9AFC3F4E08D}"
EndProject
Project("{9A19103F-16F7-4668-BE54-9A1E7A4F7556}") = "Prime Number Checking", "Prime Number Checking\Prime Number Checking.csproj", "{05C8D4D1-63E0-4CCE-83E4-169E2CE8D9CC}"
EndProject
Project("{9A19103F-16F7-4668-BE54-9A1E7A4F7556}") = "Nested Loops and Break", "Nested Loops and Break\Nested Loops and Break.csproj", "{AC5371AE-169A-40A0-9EEA-2BAEE15D4805}"
EndProject
Project("{9A19103F-16F7-4668-BE54-9A1E7A4F7556}") = "Try-Catch", "Try-Catch\Try-Catch.csproj", "{51356AC6-948F-47F1-8B16-8D3829C1EF58}"
EndProject
Project("{9A19103F-16F7-4668-BE54-9A1E7A4F7556}") = "Methods with parameters", "Methods with parameters\Methods with parameters.csproj", "{B83B2916-C524-4478-8E43-6B00D456B4E1}"
EndProject
Project("{9A19103F-16F7-4668-BE54-9A1E7A4F7556}") = "methods1", "methods1\methods1.csproj", "{B0B63A54-D7C4-49AC-9E6C-184CF787E812}"
EndProject
Project("{9A19103F-16F7-4668-BE54-9A1E7A4F7556}") = "methodsWithReturn", "methodsWithReturn\methodsWithReturn.csproj", "{49A7AA34-B958-44C4-993D-5BE565575CCD}"
EndProject
Project("{9A19103F-16F7-4668-BE54-9A1E7A4F7556}") = "Small Shop", "Small Shop\Small Shop.csproj", "{B87494B4-5686-4F8B-8CC5-046948AB01FB}"
EndProject
Project("{9A19103F-16F7-4668-BE54-9A1E7A4F7556}") = "Point in Rectangle", "Point in Rectangle\Point in Rectangle.csproj", "{04DBDD13-9D74-45DC-AD35-45AC419F3719}"
EndProject
Project("{FAE04EC0-301F-11D3-BF4B-00C04F79EFBC}") = "Calculator", "Calculator\Calculator.csproj", "{A6D077F7-54D2-4AA4-BD81-313ECB01EEDC}"
EndProject
Project("{9A19103F-16F7-4668-BE54-9A1E7A4F7556}") = "Fruit or Vegetable", "Fruit or Vegetable\Fruit or Vegetable.csproj", "{11475AB6-55C8-40AC-B881-5C63A7412814}"
EndProject
Project("{9A19103F-16F7-4668-BE54-9A1E7A4F7556}") = "Invalid Number", "Invalid Number\Invalid Number.csproj", "{8A8FF1A9-692F-494D-A8A4-0BE9F36EAB3F}"
EndProject
Project("{9A19103F-16F7-4668-BE54-9A1E7A4F7556}") = "Point on a Rectangle Border", "Point on a Rectangle Border\Point on a Rectangle Border.csproj", "{00705568-2A81-4B60-B0B5-DA412B9D0C1C}"
EndProject
Project("{9A19103F-16F7-4668-BE54-9A1E7A4F7556}") = "Fruit Shop", "Fruit Shop\Fruit Shop.csproj", "{D253BF9E-A555-4EEF-96E9-22DDD9830E9C}"
EndProject
Project("{9A19103F-16F7-4668-BE54-9A1E7A4F7556}") = "Trade Fees", "Trade Fees\Trade Fees.csproj", "{6ADC908E-E85A-487E-B822-051414589032}"
EndProject
Project("{9A19103F-16F7-4668-BE54-9A1E7A4F7556}") = "Day of the Week", "Day of the Week\Day of the Week.csproj", "{B324BDF6-1F58-482D-8B49-D26B9D299382}"
EndProject
Project("{9A19103F-16F7-4668-BE54-9A1E7A4F7556}") = "Animal Type", "Animal Type\Animal Type.csproj", "{0BE952AA-FB8C-4852-8F73-E7817396E747}"
EndProject
Project("{9A19103F-16F7-4668-BE54-9A1E7A4F7556}") = "Cinema", "Cinema\Cinema.csproj", "{A08470FF-633A-4073-9CCE-A67D3B17CD64}"
EndProject
Project("{FAE04EC0-301F-11D3-BF4B-00C04F79EFBC}") = "Brute-Force Password Cracker", "Brute-Force Password Cracker\Brute-Force Password Cracker.csproj", "{B96AED28-E679-42F5-BF7B-54A4E11F69C2}"
EndProject
Project("{9A19103F-16F7-4668-BE54-9A1E7A4F7556}") = "Voleyball", "Voleyball\Voleyball.csproj", "{DA0AC3AE-91CD-4228-9987-7FE4F9180083}"
EndProject
Project("{9A19103F-16F7-4668-BE54-9A1E7A4F7556}") = "Point in the Figure", "Point in the Figure\Point in the Figure.csproj", "{69668BB5-C6C9-4E5F-9D37-394379EBF7C2}"
EndProject
Project("{FAE04EC0-301F-11D3-BF4B-00C04F79EFBC}") = "Point and Rectangle", "Point and Rectangle\Point and Rectangle.csproj", "{87DF7AFB-31C1-42DF-B048-418BA3B09FCF}"
EndProject
Project("{9A19103F-16F7-4668-BE54-9A1E7A4F7556}") = "On Time for the Exam", "On Time for the Exam\On Time for the Exam.csproj", "{B5199523-AE1F-485F-9143-91023AAEF2D2}"
EndProject
Project("{9A19103F-16F7-4668-BE54-9A1E7A4F7556}") = "Trip", "Trip\Trip.csproj", "{D51F7808-0A98-41F8-8C57-B0855B66271B}"
EndProject
Project("{9A19103F-16F7-4668-BE54-9A1E7A4F7556}") = "Operations with Numbers", "Operations with Numbers\Operations with Numbers.csproj", "{A06E54B6-A9A0-4113-90FE-B2DA370D14B8}"
EndProject
Project("{9A19103F-16F7-4668-BE54-9A1E7A4F7556}") = "Game Tickets", "Game Tickets\Game Tickets.csproj", "{6951505E-7904-409C-802D-D6F248327610}"
EndProject
Project("{9A19103F-16F7-4668-BE54-9A1E7A4F7556}") = "Hotel Room", "Hotel Room\Hotel Room.csproj", "{887BC8A8-0544-401D-91F4-A7ACA952652E}"
EndProject
Project("{9A19103F-16F7-4668-BE54-9A1E7A4F7556}") = "Numbers from 1 to 100", "Numbers from 1 to 100\Numbers from 1 to 100.csproj", "{991F33C6-3601-4462-AD3E-610608426441}"
EndProject
Project("{9A19103F-16F7-4668-BE54-9A1E7A4F7556}") = "Numbers Ending by 7", "Numbers Ending by 7\Numbers Ending by 7.csproj", "{87A58FD0-9D7A-4BB8-9813-D6D3A2A2CC38}"
EndProject
Project("{9A19103F-16F7-4668-BE54-9A1E7A4F7556}") = "All Latin Letters", "All Latin Letters\All Latin Letters.csproj", "{8BA5B0B9-7B6C-4A2B-BF79-144F92EC62FD}"
EndProject
Project("{9A19103F-16F7-4668-BE54-9A1E7A4F7556}") = "Summing up Numbers", "Summing up Numbers\Summing up Numbers.csproj", "{E1C899D9-A974-4D96-AF41-9994DADC1174}"
EndProject
Project("{9A19103F-16F7-4668-BE54-9A1E7A4F7556}") = "Max Number", "Max Number\Max Number.csproj", "{98F6136F-AD24-4670-8B82-1EDA13A4FFE7}"
EndProject
Project("{9A19103F-16F7-4668-BE54-9A1E7A4F7556}") = "Min Number", "Min Number\Min Number.csproj", "{C7162554-30C3-4C3D-AB1B-637D2BE75268}"
EndProject
Project("{9A19103F-16F7-4668-BE54-9A1E7A4F7556}") = "Left and Right Sum", "Left and Right Sum\Left and Right Sum.csproj", "{77CC0B6C-4A93-4A46-A356-3863B37957D1}"
EndProject
Project("{9A19103F-16F7-4668-BE54-9A1E7A4F7556}") = "Even-Odd Sum", "Even-Odd Sum\Even-Odd Sum.csproj", "{2ED7FE8A-C390-46E4-BFDF-205F834A5923}"
EndProject
Project("{9A19103F-16F7-4668-BE54-9A1E7A4F7556}") = "Sum of Vowels", "Sum of Vowels\Sum of Vowels.csproj", "{FC5702A3-3EF4-4CC3-A362-29F95AD79556}"
EndProject
Project("{9A19103F-16F7-4668-BE54-9A1E7A4F7556}") = "Element Equal to the Sum of Rest", "Element Equal to the Sum of Rest\Element Equal to the Sum of Rest.csproj", "{1C2EF820-970B-4762-A5FA-4D3699A48014}"
EndProject
Project("{9A19103F-16F7-4668-BE54-9A1E7A4F7556}") = "Even-Odd Positions", "Even-Odd Positions\Even-Odd Positions.csproj", "{96108F13-02CC-485D-A01F-7E74BD9BC52A}"
EndProject
Project("{9A19103F-16F7-4668-BE54-9A1E7A4F7556}") = "Equal Pairs", "Equal Pairs\Equal Pairs.csproj", "{55A4B180-491B-4F31-B0FA-8046DCBB8466}"
EndProject
Project("{FAE04EC0-301F-11D3-BF4B-00C04F79EFBC}") = "Drawing with a Turtle", "Drawing with a Turtle\Drawing with a Turtle.csproj", "{03ECE13A-3225-4730-AFD7-B09FD4D09CE2}"
EndProject
Project("{FAE04EC0-301F-11D3-BF4B-00C04F79EFBC}") = "SecureFinanceTracker", "SecureFinanceTracker\SecureFinanceTracker.csproj", "{4F0FF146-30D4-4AA5-9BB0-EF3456AED5E8}"
EndProject
Project("{9A19103F-16F7-4668-BE54-9A1E7A4F7556}") = "Histogram", "Histogram\Histogram.csproj", "{9AEDA38B-E84D-46F4-97A5-A134618DB69D}"
EndProject
Project("{9A19103F-16F7-4668-BE54-9A1E7A4F7556}") = "Smart Lilly", "Smart Lilly\Smart Lilly.csproj", "{BA0FDD09-25F2-4F97-AC54-7A7B34F946B2}"
EndProject
Project("{9A19103F-16F7-4668-BE54-9A1E7A4F7556}") = "Back to the Past", "Back to the Past\Back to the Past.csproj", "{A532F22C-6A49-4B0B-A90A-80236218F60A}"
EndProject
Project("{9A19103F-16F7-4668-BE54-9A1E7A4F7556}") = "Hospital", "Hospital\Hospital.csproj", "{C6852D89-61E3-45B9-B9DA-EF865301ED11}"
EndProject
Project("{9A19103F-16F7-4668-BE54-9A1E7A4F7556}") = "Division without Remainder", "Division without Remainder\Division without Remainder.csproj", "{03425D44-10A1-485F-99C8-2A457D58208F}"
EndProject
Project("{9A19103F-16F7-4668-BE54-9A1E7A4F7556}") = "Logistics", "Logistics\Logistics.csproj", "{9A156DDD-15DD-49F4-A141-C179CEF8906C}"
EndProject
Project("{9A19103F-16F7-4668-BE54-9A1E7A4F7556}") = "Array[1]", "Array[1]\Array[1].csproj", "{F784EADB-4D87-4644-A0F6-317C1FF4CCF6}"
EndProject
Project("{9A19103F-16F7-4668-BE54-9A1E7A4F7556}") = "Array[2]", "Array[2]\Array[2].csproj", "{4E7CC355-37F1-43EE-9BB2-0C9A89DE4DBB}"
EndProject
Project("{9A19103F-16F7-4668-BE54-9A1E7A4F7556}") = "Array[4]", "Array[4]\Array[4].csproj", "{DBFA70B4-96B8-4193-A980-6BB08AE23A99}"
EndProject
Project("{9A19103F-16F7-4668-BE54-9A1E7A4F7556}") = "Array[5]", "Array[5]\Array[5].csproj", "{0481977C-C1E9-446C-9502-9B1089846AC8}"
EndProject
Project("{9A19103F-16F7-4668-BE54-9A1E7A4F7556}") = "Rectangle of 10 x 10 Stars", "Rectangle of 10 x 10 Stars\Rectangle of 10 x 10 Stars.csproj", "{2DA22C4E-DB26-49EF-B5D3-B3FF4921DF04}"
EndProject
Project("{9A19103F-16F7-4668-BE54-9A1E7A4F7556}") = "Rectangle of N x N Stars", "Rectangle of N x N Stars\Rectangle of N x N Stars.csproj", "{B8237C7C-689C-46D6-A848-AF9775520605}"
EndProject
Project("{9A19103F-16F7-4668-BE54-9A1E7A4F7556}") = "Square Made of Stars", "Square Made of Stars\Square Made of Stars.csproj", "{5F44E0AB-043A-4122-8AA2-F8FED284B40E}"
EndProject
Project("{9A19103F-16F7-4668-BE54-9A1E7A4F7556}") = "Triangle of Dollars", "Triangle of Dollars\Triangle of Dollars.csproj", "{F27C0C6A-1F0B-4A6E-B9DA-1B7F22110088}"
EndProject
Project("{9A19103F-16F7-4668-BE54-9A1E7A4F7556}") = "Square Frame", "Square Frame\Square Frame.csproj", "{44BA7D04-1D1A-4EA3-8D06-8CB64D6B2296}"
EndProject
Project("{9A19103F-16F7-4668-BE54-9A1E7A4F7556}") = "Rhombus of Stars", "Rhombus of Stars\Rhombus of Stars.csproj", "{45E54C89-FFB9-4CF8-915B-00FBD86C65D6}"
EndProject
Project("{9A19103F-16F7-4668-BE54-9A1E7A4F7556}") = "Christmas Tree", "Christmas Tree\Christmas Tree.csproj", "{05EF0ECC-E691-4867-BAA6-DEEECF886134}"
EndProject
Project("{9A19103F-16F7-4668-BE54-9A1E7A4F7556}") = "Sunglasses", "Sunglasses\Sunglasses.csproj", "{51AF3C92-08CC-443D-A998-243B6F98F74B}"
EndProject
Project("{9A19103F-16F7-4668-BE54-9A1E7A4F7556}") = "House", "House\House.csproj", "{21B9E8FB-4623-4385-8422-A8735EEF52D3}"
EndProject
Project("{9A19103F-16F7-4668-BE54-9A1E7A4F7556}") = "Diamond", "Diamond\Diamond.csproj", "{F7194E89-8FEA-4DE5-8A82-09FBC0282165}"
EndProject
Project("{FAE04EC0-301F-11D3-BF4B-00C04F79EFBC}") = "WebApp-Ratings", "WebApp-Ratings\WebApp-Ratings.csproj", "{1BAF2A63-3F97-45A0-B8A4-B888099099CA}"
EndProject
Global
	GlobalSection(SolutionConfigurationPlatforms) = preSolution
		Debug|Any CPU = Debug|Any CPU
		Release|Any CPU = Release|Any CPU
	EndGlobalSection
	GlobalSection(ProjectConfigurationPlatforms) = postSolution
		{6A886735-0F4E-4F5F-AE21-726E66ECE071}.Debug|Any CPU.ActiveCfg = Debug|Any CPU
		{6A886735-0F4E-4F5F-AE21-726E66ECE071}.Debug|Any CPU.Build.0 = Debug|Any CPU
		{6A886735-0F4E-4F5F-AE21-726E66ECE071}.Release|Any CPU.ActiveCfg = Release|Any CPU
		{6A886735-0F4E-4F5F-AE21-726E66ECE071}.Release|Any CPU.Build.0 = Release|Any CPU
		{9AA59196-B836-4775-BE96-F4F8CCEA4F47}.Debug|Any CPU.ActiveCfg = Debug|Any CPU
		{9AA59196-B836-4775-BE96-F4F8CCEA4F47}.Debug|Any CPU.Build.0 = Debug|Any CPU
		{9AA59196-B836-4775-BE96-F4F8CCEA4F47}.Release|Any CPU.ActiveCfg = Release|Any CPU
		{9AA59196-B836-4775-BE96-F4F8CCEA4F47}.Release|Any CPU.Build.0 = Release|Any CPU
		{914EC4DD-9529-4109-BEBD-D3E90F886684}.Debug|Any CPU.ActiveCfg = Debug|Any CPU
		{914EC4DD-9529-4109-BEBD-D3E90F886684}.Debug|Any CPU.Build.0 = Debug|Any CPU
		{914EC4DD-9529-4109-BEBD-D3E90F886684}.Release|Any CPU.ActiveCfg = Release|Any CPU
		{914EC4DD-9529-4109-BEBD-D3E90F886684}.Release|Any CPU.Build.0 = Release|Any CPU
		{45147016-11D6-4256-9034-835454B5FE73}.Debug|Any CPU.ActiveCfg = Debug|Any CPU
		{45147016-11D6-4256-9034-835454B5FE73}.Debug|Any CPU.Build.0 = Debug|Any CPU
		{45147016-11D6-4256-9034-835454B5FE73}.Release|Any CPU.ActiveCfg = Release|Any CPU
		{45147016-11D6-4256-9034-835454B5FE73}.Release|Any CPU.Build.0 = Release|Any CPU
		{A0EA67E3-C0D0-4F36-9462-81B59E0AC119}.Debug|Any CPU.ActiveCfg = Debug|Any CPU
		{A0EA67E3-C0D0-4F36-9462-81B59E0AC119}.Debug|Any CPU.Build.0 = Debug|Any CPU
		{A0EA67E3-C0D0-4F36-9462-81B59E0AC119}.Release|Any CPU.ActiveCfg = Release|Any CPU
		{A0EA67E3-C0D0-4F36-9462-81B59E0AC119}.Release|Any CPU.Build.0 = Release|Any CPU
		{4299A4E7-F438-4D8D-AA15-2A722251AC62}.Debug|Any CPU.ActiveCfg = Debug|Any CPU
		{4299A4E7-F438-4D8D-AA15-2A722251AC62}.Debug|Any CPU.Build.0 = Debug|Any CPU
		{4299A4E7-F438-4D8D-AA15-2A722251AC62}.Release|Any CPU.ActiveCfg = Release|Any CPU
		{4299A4E7-F438-4D8D-AA15-2A722251AC62}.Release|Any CPU.Build.0 = Release|Any CPU
		{D5CC1FC9-DA95-46F9-ADE3-26FE1A579789}.Debug|Any CPU.ActiveCfg = Debug|Any CPU
		{D5CC1FC9-DA95-46F9-ADE3-26FE1A579789}.Debug|Any CPU.Build.0 = Debug|Any CPU
		{D5CC1FC9-DA95-46F9-ADE3-26FE1A579789}.Release|Any CPU.ActiveCfg = Release|Any CPU
		{D5CC1FC9-DA95-46F9-ADE3-26FE1A579789}.Release|Any CPU.Build.0 = Release|Any CPU
		{B2DE14AB-0102-4D58-9184-6489CA4CE9BF}.Debug|Any CPU.ActiveCfg = Debug|Any CPU
		{B2DE14AB-0102-4D58-9184-6489CA4CE9BF}.Debug|Any CPU.Build.0 = Debug|Any CPU
		{B2DE14AB-0102-4D58-9184-6489CA4CE9BF}.Release|Any CPU.ActiveCfg = Release|Any CPU
		{B2DE14AB-0102-4D58-9184-6489CA4CE9BF}.Release|Any CPU.Build.0 = Release|Any CPU
		{481B27E3-7D19-4743-A578-893F00CEEBA6}.Debug|Any CPU.ActiveCfg = Debug|Any CPU
		{481B27E3-7D19-4743-A578-893F00CEEBA6}.Debug|Any CPU.Build.0 = Debug|Any CPU
		{481B27E3-7D19-4743-A578-893F00CEEBA6}.Release|Any CPU.ActiveCfg = Release|Any CPU
		{481B27E3-7D19-4743-A578-893F00CEEBA6}.Release|Any CPU.Build.0 = Release|Any CPU
		{AC43CC0A-D3FE-449C-A7BF-45CE41A6AEA1}.Debug|Any CPU.ActiveCfg = Debug|Any CPU
		{AC43CC0A-D3FE-449C-A7BF-45CE41A6AEA1}.Debug|Any CPU.Build.0 = Debug|Any CPU
		{AC43CC0A-D3FE-449C-A7BF-45CE41A6AEA1}.Release|Any CPU.ActiveCfg = Release|Any CPU
		{AC43CC0A-D3FE-449C-A7BF-45CE41A6AEA1}.Release|Any CPU.Build.0 = Release|Any CPU
		{D2812DFF-4334-4817-BE9F-47C6436AE627}.Debug|Any CPU.ActiveCfg = Debug|Any CPU
		{D2812DFF-4334-4817-BE9F-47C6436AE627}.Debug|Any CPU.Build.0 = Debug|Any CPU
		{D2812DFF-4334-4817-BE9F-47C6436AE627}.Release|Any CPU.ActiveCfg = Release|Any CPU
		{D2812DFF-4334-4817-BE9F-47C6436AE627}.Release|Any CPU.Build.0 = Release|Any CPU
		{74F51D90-CBEF-4FB4-8071-7C5D82798812}.Debug|Any CPU.ActiveCfg = Debug|Any CPU
		{74F51D90-CBEF-4FB4-8071-7C5D82798812}.Debug|Any CPU.Build.0 = Debug|Any CPU
		{74F51D90-CBEF-4FB4-8071-7C5D82798812}.Release|Any CPU.ActiveCfg = Release|Any CPU
		{74F51D90-CBEF-4FB4-8071-7C5D82798812}.Release|Any CPU.Build.0 = Release|Any CPU
		{E1C167B6-8F13-4F51-A3F2-EAAB4E77AF94}.Debug|Any CPU.ActiveCfg = Debug|Any CPU
		{E1C167B6-8F13-4F51-A3F2-EAAB4E77AF94}.Debug|Any CPU.Build.0 = Debug|Any CPU
		{E1C167B6-8F13-4F51-A3F2-EAAB4E77AF94}.Release|Any CPU.ActiveCfg = Release|Any CPU
		{E1C167B6-8F13-4F51-A3F2-EAAB4E77AF94}.Release|Any CPU.Build.0 = Release|Any CPU
		{ACB8B690-F5E3-4BF8-B1BF-5406BC6B376E}.Debug|Any CPU.ActiveCfg = Debug|Any CPU
		{ACB8B690-F5E3-4BF8-B1BF-5406BC6B376E}.Debug|Any CPU.Build.0 = Debug|Any CPU
		{ACB8B690-F5E3-4BF8-B1BF-5406BC6B376E}.Release|Any CPU.ActiveCfg = Release|Any CPU
		{ACB8B690-F5E3-4BF8-B1BF-5406BC6B376E}.Release|Any CPU.Build.0 = Release|Any CPU
		{5CF502C3-693F-42C7-AC78-D1C12F5788C3}.Debug|Any CPU.ActiveCfg = Debug|Any CPU
		{5CF502C3-693F-42C7-AC78-D1C12F5788C3}.Debug|Any CPU.Build.0 = Debug|Any CPU
		{5CF502C3-693F-42C7-AC78-D1C12F5788C3}.Release|Any CPU.ActiveCfg = Release|Any CPU
		{5CF502C3-693F-42C7-AC78-D1C12F5788C3}.Release|Any CPU.Build.0 = Release|Any CPU
		{AA254F1C-6420-40A8-B3BC-4AD092123AA4}.Debug|Any CPU.ActiveCfg = Debug|Any CPU
		{AA254F1C-6420-40A8-B3BC-4AD092123AA4}.Debug|Any CPU.Build.0 = Debug|Any CPU
		{AA254F1C-6420-40A8-B3BC-4AD092123AA4}.Release|Any CPU.ActiveCfg = Release|Any CPU
		{AA254F1C-6420-40A8-B3BC-4AD092123AA4}.Release|Any CPU.Build.0 = Release|Any CPU
		{E85A5351-1F4B-4C1D-831F-916001D64ED5}.Debug|Any CPU.ActiveCfg = Debug|Any CPU
		{E85A5351-1F4B-4C1D-831F-916001D64ED5}.Debug|Any CPU.Build.0 = Debug|Any CPU
		{E85A5351-1F4B-4C1D-831F-916001D64ED5}.Release|Any CPU.ActiveCfg = Release|Any CPU
		{E85A5351-1F4B-4C1D-831F-916001D64ED5}.Release|Any CPU.Build.0 = Release|Any CPU
		{D2B6C118-B858-4798-A127-37F2356F4129}.Debug|Any CPU.ActiveCfg = Debug|Any CPU
		{D2B6C118-B858-4798-A127-37F2356F4129}.Debug|Any CPU.Build.0 = Debug|Any CPU
		{D2B6C118-B858-4798-A127-37F2356F4129}.Release|Any CPU.ActiveCfg = Release|Any CPU
		{D2B6C118-B858-4798-A127-37F2356F4129}.Release|Any CPU.Build.0 = Release|Any CPU
		{51E3DA43-8649-49F9-AC67-1181E95F72CF}.Debug|Any CPU.ActiveCfg = Debug|Any CPU
		{51E3DA43-8649-49F9-AC67-1181E95F72CF}.Debug|Any CPU.Build.0 = Debug|Any CPU
		{51E3DA43-8649-49F9-AC67-1181E95F72CF}.Release|Any CPU.ActiveCfg = Release|Any CPU
		{51E3DA43-8649-49F9-AC67-1181E95F72CF}.Release|Any CPU.Build.0 = Release|Any CPU
		{CE7BB863-B65B-42F2-9092-A995996ED9EC}.Debug|Any CPU.ActiveCfg = Debug|Any CPU
		{CE7BB863-B65B-42F2-9092-A995996ED9EC}.Debug|Any CPU.Build.0 = Debug|Any CPU
		{CE7BB863-B65B-42F2-9092-A995996ED9EC}.Release|Any CPU.ActiveCfg = Release|Any CPU
		{CE7BB863-B65B-42F2-9092-A995996ED9EC}.Release|Any CPU.Build.0 = Release|Any CPU
		{31314C83-41B8-4A45-9687-C9AFC3F4E08D}.Debug|Any CPU.ActiveCfg = Debug|Any CPU
		{31314C83-41B8-4A45-9687-C9AFC3F4E08D}.Debug|Any CPU.Build.0 = Debug|Any CPU
		{31314C83-41B8-4A45-9687-C9AFC3F4E08D}.Release|Any CPU.ActiveCfg = Release|Any CPU
		{31314C83-41B8-4A45-9687-C9AFC3F4E08D}.Release|Any CPU.Build.0 = Release|Any CPU
		{05C8D4D1-63E0-4CCE-83E4-169E2CE8D9CC}.Debug|Any CPU.ActiveCfg = Debug|Any CPU
		{05C8D4D1-63E0-4CCE-83E4-169E2CE8D9CC}.Debug|Any CPU.Build.0 = Debug|Any CPU
		{05C8D4D1-63E0-4CCE-83E4-169E2CE8D9CC}.Release|Any CPU.ActiveCfg = Release|Any CPU
		{05C8D4D1-63E0-4CCE-83E4-169E2CE8D9CC}.Release|Any CPU.Build.0 = Release|Any CPU
		{AC5371AE-169A-40A0-9EEA-2BAEE15D4805}.Debug|Any CPU.ActiveCfg = Debug|Any CPU
		{AC5371AE-169A-40A0-9EEA-2BAEE15D4805}.Debug|Any CPU.Build.0 = Debug|Any CPU
		{AC5371AE-169A-40A0-9EEA-2BAEE15D4805}.Release|Any CPU.ActiveCfg = Release|Any CPU
		{AC5371AE-169A-40A0-9EEA-2BAEE15D4805}.Release|Any CPU.Build.0 = Release|Any CPU
		{51356AC6-948F-47F1-8B16-8D3829C1EF58}.Debug|Any CPU.ActiveCfg = Debug|Any CPU
		{51356AC6-948F-47F1-8B16-8D3829C1EF58}.Debug|Any CPU.Build.0 = Debug|Any CPU
		{51356AC6-948F-47F1-8B16-8D3829C1EF58}.Release|Any CPU.ActiveCfg = Release|Any CPU
		{51356AC6-948F-47F1-8B16-8D3829C1EF58}.Release|Any CPU.Build.0 = Release|Any CPU
		{B83B2916-C524-4478-8E43-6B00D456B4E1}.Debug|Any CPU.ActiveCfg = Debug|Any CPU
		{B83B2916-C524-4478-8E43-6B00D456B4E1}.Debug|Any CPU.Build.0 = Debug|Any CPU
		{B83B2916-C524-4478-8E43-6B00D456B4E1}.Release|Any CPU.ActiveCfg = Release|Any CPU
		{B83B2916-C524-4478-8E43-6B00D456B4E1}.Release|Any CPU.Build.0 = Release|Any CPU
		{B0B63A54-D7C4-49AC-9E6C-184CF787E812}.Debug|Any CPU.ActiveCfg = Debug|Any CPU
		{B0B63A54-D7C4-49AC-9E6C-184CF787E812}.Debug|Any CPU.Build.0 = Debug|Any CPU
		{B0B63A54-D7C4-49AC-9E6C-184CF787E812}.Release|Any CPU.ActiveCfg = Release|Any CPU
		{B0B63A54-D7C4-49AC-9E6C-184CF787E812}.Release|Any CPU.Build.0 = Release|Any CPU
		{49A7AA34-B958-44C4-993D-5BE565575CCD}.Debug|Any CPU.ActiveCfg = Debug|Any CPU
		{49A7AA34-B958-44C4-993D-5BE565575CCD}.Debug|Any CPU.Build.0 = Debug|Any CPU
		{49A7AA34-B958-44C4-993D-5BE565575CCD}.Release|Any CPU.ActiveCfg = Release|Any CPU
		{49A7AA34-B958-44C4-993D-5BE565575CCD}.Release|Any CPU.Build.0 = Release|Any CPU
		{B87494B4-5686-4F8B-8CC5-046948AB01FB}.Debug|Any CPU.ActiveCfg = Debug|Any CPU
		{B87494B4-5686-4F8B-8CC5-046948AB01FB}.Debug|Any CPU.Build.0 = Debug|Any CPU
		{B87494B4-5686-4F8B-8CC5-046948AB01FB}.Release|Any CPU.ActiveCfg = Release|Any CPU
		{B87494B4-5686-4F8B-8CC5-046948AB01FB}.Release|Any CPU.Build.0 = Release|Any CPU
		{04DBDD13-9D74-45DC-AD35-45AC419F3719}.Debug|Any CPU.ActiveCfg = Debug|Any CPU
		{04DBDD13-9D74-45DC-AD35-45AC419F3719}.Debug|Any CPU.Build.0 = Debug|Any CPU
		{04DBDD13-9D74-45DC-AD35-45AC419F3719}.Release|Any CPU.ActiveCfg = Release|Any CPU
		{04DBDD13-9D74-45DC-AD35-45AC419F3719}.Release|Any CPU.Build.0 = Release|Any CPU
		{A6D077F7-54D2-4AA4-BD81-313ECB01EEDC}.Debug|Any CPU.ActiveCfg = Debug|Any CPU
		{A6D077F7-54D2-4AA4-BD81-313ECB01EEDC}.Debug|Any CPU.Build.0 = Debug|Any CPU
		{A6D077F7-54D2-4AA4-BD81-313ECB01EEDC}.Release|Any CPU.ActiveCfg = Release|Any CPU
		{A6D077F7-54D2-4AA4-BD81-313ECB01EEDC}.Release|Any CPU.Build.0 = Release|Any CPU
		{11475AB6-55C8-40AC-B881-5C63A7412814}.Debug|Any CPU.ActiveCfg = Debug|Any CPU
		{11475AB6-55C8-40AC-B881-5C63A7412814}.Debug|Any CPU.Build.0 = Debug|Any CPU
		{11475AB6-55C8-40AC-B881-5C63A7412814}.Release|Any CPU.ActiveCfg = Release|Any CPU
		{11475AB6-55C8-40AC-B881-5C63A7412814}.Release|Any CPU.Build.0 = Release|Any CPU
		{8A8FF1A9-692F-494D-A8A4-0BE9F36EAB3F}.Debug|Any CPU.ActiveCfg = Debug|Any CPU
		{8A8FF1A9-692F-494D-A8A4-0BE9F36EAB3F}.Debug|Any CPU.Build.0 = Debug|Any CPU
		{8A8FF1A9-692F-494D-A8A4-0BE9F36EAB3F}.Release|Any CPU.ActiveCfg = Release|Any CPU
		{8A8FF1A9-692F-494D-A8A4-0BE9F36EAB3F}.Release|Any CPU.Build.0 = Release|Any CPU
		{00705568-2A81-4B60-B0B5-DA412B9D0C1C}.Debug|Any CPU.ActiveCfg = Debug|Any CPU
		{00705568-2A81-4B60-B0B5-DA412B9D0C1C}.Debug|Any CPU.Build.0 = Debug|Any CPU
		{00705568-2A81-4B60-B0B5-DA412B9D0C1C}.Release|Any CPU.ActiveCfg = Release|Any CPU
		{00705568-2A81-4B60-B0B5-DA412B9D0C1C}.Release|Any CPU.Build.0 = Release|Any CPU
		{D253BF9E-A555-4EEF-96E9-22DDD9830E9C}.Debug|Any CPU.ActiveCfg = Debug|Any CPU
		{D253BF9E-A555-4EEF-96E9-22DDD9830E9C}.Debug|Any CPU.Build.0 = Debug|Any CPU
		{D253BF9E-A555-4EEF-96E9-22DDD9830E9C}.Release|Any CPU.ActiveCfg = Release|Any CPU
		{D253BF9E-A555-4EEF-96E9-22DDD9830E9C}.Release|Any CPU.Build.0 = Release|Any CPU
		{6ADC908E-E85A-487E-B822-051414589032}.Debug|Any CPU.ActiveCfg = Debug|Any CPU
		{6ADC908E-E85A-487E-B822-051414589032}.Debug|Any CPU.Build.0 = Debug|Any CPU
		{6ADC908E-E85A-487E-B822-051414589032}.Release|Any CPU.ActiveCfg = Release|Any CPU
		{6ADC908E-E85A-487E-B822-051414589032}.Release|Any CPU.Build.0 = Release|Any CPU
		{B324BDF6-1F58-482D-8B49-D26B9D299382}.Debug|Any CPU.ActiveCfg = Debug|Any CPU
		{B324BDF6-1F58-482D-8B49-D26B9D299382}.Debug|Any CPU.Build.0 = Debug|Any CPU
		{B324BDF6-1F58-482D-8B49-D26B9D299382}.Release|Any CPU.ActiveCfg = Release|Any CPU
		{B324BDF6-1F58-482D-8B49-D26B9D299382}.Release|Any CPU.Build.0 = Release|Any CPU
		{0BE952AA-FB8C-4852-8F73-E7817396E747}.Debug|Any CPU.ActiveCfg = Debug|Any CPU
		{0BE952AA-FB8C-4852-8F73-E7817396E747}.Debug|Any CPU.Build.0 = Debug|Any CPU
		{0BE952AA-FB8C-4852-8F73-E7817396E747}.Release|Any CPU.ActiveCfg = Release|Any CPU
		{0BE952AA-FB8C-4852-8F73-E7817396E747}.Release|Any CPU.Build.0 = Release|Any CPU
		{A08470FF-633A-4073-9CCE-A67D3B17CD64}.Debug|Any CPU.ActiveCfg = Debug|Any CPU
		{A08470FF-633A-4073-9CCE-A67D3B17CD64}.Debug|Any CPU.Build.0 = Debug|Any CPU
		{A08470FF-633A-4073-9CCE-A67D3B17CD64}.Release|Any CPU.ActiveCfg = Release|Any CPU
		{A08470FF-633A-4073-9CCE-A67D3B17CD64}.Release|Any CPU.Build.0 = Release|Any CPU
		{B96AED28-E679-42F5-BF7B-54A4E11F69C2}.Debug|Any CPU.ActiveCfg = Debug|Any CPU
		{B96AED28-E679-42F5-BF7B-54A4E11F69C2}.Debug|Any CPU.Build.0 = Debug|Any CPU
		{B96AED28-E679-42F5-BF7B-54A4E11F69C2}.Release|Any CPU.ActiveCfg = Release|Any CPU
		{B96AED28-E679-42F5-BF7B-54A4E11F69C2}.Release|Any CPU.Build.0 = Release|Any CPU
		{DA0AC3AE-91CD-4228-9987-7FE4F9180083}.Debug|Any CPU.ActiveCfg = Debug|Any CPU
		{DA0AC3AE-91CD-4228-9987-7FE4F9180083}.Debug|Any CPU.Build.0 = Debug|Any CPU
		{DA0AC3AE-91CD-4228-9987-7FE4F9180083}.Release|Any CPU.ActiveCfg = Release|Any CPU
		{DA0AC3AE-91CD-4228-9987-7FE4F9180083}.Release|Any CPU.Build.0 = Release|Any CPU
		{69668BB5-C6C9-4E5F-9D37-394379EBF7C2}.Debug|Any CPU.ActiveCfg = Debug|Any CPU
		{69668BB5-C6C9-4E5F-9D37-394379EBF7C2}.Debug|Any CPU.Build.0 = Debug|Any CPU
		{69668BB5-C6C9-4E5F-9D37-394379EBF7C2}.Release|Any CPU.ActiveCfg = Release|Any CPU
		{69668BB5-C6C9-4E5F-9D37-394379EBF7C2}.Release|Any CPU.Build.0 = Release|Any CPU
		{87DF7AFB-31C1-42DF-B048-418BA3B09FCF}.Debug|Any CPU.ActiveCfg = Debug|Any CPU
		{87DF7AFB-31C1-42DF-B048-418BA3B09FCF}.Debug|Any CPU.Build.0 = Debug|Any CPU
		{87DF7AFB-31C1-42DF-B048-418BA3B09FCF}.Release|Any CPU.ActiveCfg = Release|Any CPU
		{87DF7AFB-31C1-42DF-B048-418BA3B09FCF}.Release|Any CPU.Build.0 = Release|Any CPU
		{B5199523-AE1F-485F-9143-91023AAEF2D2}.Debug|Any CPU.ActiveCfg = Debug|Any CPU
		{B5199523-AE1F-485F-9143-91023AAEF2D2}.Debug|Any CPU.Build.0 = Debug|Any CPU
		{B5199523-AE1F-485F-9143-91023AAEF2D2}.Release|Any CPU.ActiveCfg = Release|Any CPU
		{B5199523-AE1F-485F-9143-91023AAEF2D2}.Release|Any CPU.Build.0 = Release|Any CPU
		{D51F7808-0A98-41F8-8C57-B0855B66271B}.Debug|Any CPU.ActiveCfg = Debug|Any CPU
		{D51F7808-0A98-41F8-8C57-B0855B66271B}.Debug|Any CPU.Build.0 = Debug|Any CPU
		{D51F7808-0A98-41F8-8C57-B0855B66271B}.Release|Any CPU.ActiveCfg = Release|Any CPU
		{D51F7808-0A98-41F8-8C57-B0855B66271B}.Release|Any CPU.Build.0 = Release|Any CPU
		{A06E54B6-A9A0-4113-90FE-B2DA370D14B8}.Debug|Any CPU.ActiveCfg = Debug|Any CPU
		{A06E54B6-A9A0-4113-90FE-B2DA370D14B8}.Debug|Any CPU.Build.0 = Debug|Any CPU
		{A06E54B6-A9A0-4113-90FE-B2DA370D14B8}.Release|Any CPU.ActiveCfg = Release|Any CPU
		{A06E54B6-A9A0-4113-90FE-B2DA370D14B8}.Release|Any CPU.Build.0 = Release|Any CPU
		{6951505E-7904-409C-802D-D6F248327610}.Debug|Any CPU.ActiveCfg = Debug|Any CPU
		{6951505E-7904-409C-802D-D6F248327610}.Debug|Any CPU.Build.0 = Debug|Any CPU
		{6951505E-7904-409C-802D-D6F248327610}.Release|Any CPU.ActiveCfg = Release|Any CPU
		{6951505E-7904-409C-802D-D6F248327610}.Release|Any CPU.Build.0 = Release|Any CPU
		{887BC8A8-0544-401D-91F4-A7ACA952652E}.Debug|Any CPU.ActiveCfg = Debug|Any CPU
		{887BC8A8-0544-401D-91F4-A7ACA952652E}.Debug|Any CPU.Build.0 = Debug|Any CPU
		{887BC8A8-0544-401D-91F4-A7ACA952652E}.Release|Any CPU.ActiveCfg = Release|Any CPU
		{887BC8A8-0544-401D-91F4-A7ACA952652E}.Release|Any CPU.Build.0 = Release|Any CPU
		{991F33C6-3601-4462-AD3E-610608426441}.Debug|Any CPU.ActiveCfg = Debug|Any CPU
		{991F33C6-3601-4462-AD3E-610608426441}.Debug|Any CPU.Build.0 = Debug|Any CPU
		{991F33C6-3601-4462-AD3E-610608426441}.Release|Any CPU.ActiveCfg = Release|Any CPU
		{991F33C6-3601-4462-AD3E-610608426441}.Release|Any CPU.Build.0 = Release|Any CPU
		{87A58FD0-9D7A-4BB8-9813-D6D3A2A2CC38}.Debug|Any CPU.ActiveCfg = Debug|Any CPU
		{87A58FD0-9D7A-4BB8-9813-D6D3A2A2CC38}.Debug|Any CPU.Build.0 = Debug|Any CPU
		{87A58FD0-9D7A-4BB8-9813-D6D3A2A2CC38}.Release|Any CPU.ActiveCfg = Release|Any CPU
		{87A58FD0-9D7A-4BB8-9813-D6D3A2A2CC38}.Release|Any CPU.Build.0 = Release|Any CPU
		{8BA5B0B9-7B6C-4A2B-BF79-144F92EC62FD}.Debug|Any CPU.ActiveCfg = Debug|Any CPU
		{8BA5B0B9-7B6C-4A2B-BF79-144F92EC62FD}.Debug|Any CPU.Build.0 = Debug|Any CPU
		{8BA5B0B9-7B6C-4A2B-BF79-144F92EC62FD}.Release|Any CPU.ActiveCfg = Release|Any CPU
		{8BA5B0B9-7B6C-4A2B-BF79-144F92EC62FD}.Release|Any CPU.Build.0 = Release|Any CPU
		{E1C899D9-A974-4D96-AF41-9994DADC1174}.Debug|Any CPU.ActiveCfg = Debug|Any CPU
		{E1C899D9-A974-4D96-AF41-9994DADC1174}.Debug|Any CPU.Build.0 = Debug|Any CPU
		{E1C899D9-A974-4D96-AF41-9994DADC1174}.Release|Any CPU.ActiveCfg = Release|Any CPU
		{E1C899D9-A974-4D96-AF41-9994DADC1174}.Release|Any CPU.Build.0 = Release|Any CPU
		{98F6136F-AD24-4670-8B82-1EDA13A4FFE7}.Debug|Any CPU.ActiveCfg = Debug|Any CPU
		{98F6136F-AD24-4670-8B82-1EDA13A4FFE7}.Debug|Any CPU.Build.0 = Debug|Any CPU
		{98F6136F-AD24-4670-8B82-1EDA13A4FFE7}.Release|Any CPU.ActiveCfg = Release|Any CPU
		{98F6136F-AD24-4670-8B82-1EDA13A4FFE7}.Release|Any CPU.Build.0 = Release|Any CPU
		{C7162554-30C3-4C3D-AB1B-637D2BE75268}.Debug|Any CPU.ActiveCfg = Debug|Any CPU
		{C7162554-30C3-4C3D-AB1B-637D2BE75268}.Debug|Any CPU.Build.0 = Debug|Any CPU
		{C7162554-30C3-4C3D-AB1B-637D2BE75268}.Release|Any CPU.ActiveCfg = Release|Any CPU
		{C7162554-30C3-4C3D-AB1B-637D2BE75268}.Release|Any CPU.Build.0 = Release|Any CPU
		{77CC0B6C-4A93-4A46-A356-3863B37957D1}.Debug|Any CPU.ActiveCfg = Debug|Any CPU
		{77CC0B6C-4A93-4A46-A356-3863B37957D1}.Debug|Any CPU.Build.0 = Debug|Any CPU
		{77CC0B6C-4A93-4A46-A356-3863B37957D1}.Release|Any CPU.ActiveCfg = Release|Any CPU
		{77CC0B6C-4A93-4A46-A356-3863B37957D1}.Release|Any CPU.Build.0 = Release|Any CPU
		{2ED7FE8A-C390-46E4-BFDF-205F834A5923}.Debug|Any CPU.ActiveCfg = Debug|Any CPU
		{2ED7FE8A-C390-46E4-BFDF-205F834A5923}.Debug|Any CPU.Build.0 = Debug|Any CPU
		{2ED7FE8A-C390-46E4-BFDF-205F834A5923}.Release|Any CPU.ActiveCfg = Release|Any CPU
		{2ED7FE8A-C390-46E4-BFDF-205F834A5923}.Release|Any CPU.Build.0 = Release|Any CPU
		{FC5702A3-3EF4-4CC3-A362-29F95AD79556}.Debug|Any CPU.ActiveCfg = Debug|Any CPU
		{FC5702A3-3EF4-4CC3-A362-29F95AD79556}.Debug|Any CPU.Build.0 = Debug|Any CPU
		{FC5702A3-3EF4-4CC3-A362-29F95AD79556}.Release|Any CPU.ActiveCfg = Release|Any CPU
		{FC5702A3-3EF4-4CC3-A362-29F95AD79556}.Release|Any CPU.Build.0 = Release|Any CPU
		{1C2EF820-970B-4762-A5FA-4D3699A48014}.Debug|Any CPU.ActiveCfg = Debug|Any CPU
		{1C2EF820-970B-4762-A5FA-4D3699A48014}.Debug|Any CPU.Build.0 = Debug|Any CPU
		{1C2EF820-970B-4762-A5FA-4D3699A48014}.Release|Any CPU.ActiveCfg = Release|Any CPU
		{1C2EF820-970B-4762-A5FA-4D3699A48014}.Release|Any CPU.Build.0 = Release|Any CPU
		{96108F13-02CC-485D-A01F-7E74BD9BC52A}.Debug|Any CPU.ActiveCfg = Debug|Any CPU
		{96108F13-02CC-485D-A01F-7E74BD9BC52A}.Debug|Any CPU.Build.0 = Debug|Any CPU
		{96108F13-02CC-485D-A01F-7E74BD9BC52A}.Release|Any CPU.ActiveCfg = Release|Any CPU
		{96108F13-02CC-485D-A01F-7E74BD9BC52A}.Release|Any CPU.Build.0 = Release|Any CPU
		{55A4B180-491B-4F31-B0FA-8046DCBB8466}.Debug|Any CPU.ActiveCfg = Debug|Any CPU
		{55A4B180-491B-4F31-B0FA-8046DCBB8466}.Debug|Any CPU.Build.0 = Debug|Any CPU
		{55A4B180-491B-4F31-B0FA-8046DCBB8466}.Release|Any CPU.ActiveCfg = Release|Any CPU
		{55A4B180-491B-4F31-B0FA-8046DCBB8466}.Release|Any CPU.Build.0 = Release|Any CPU
		{03ECE13A-3225-4730-AFD7-B09FD4D09CE2}.Debug|Any CPU.ActiveCfg = Debug|Any CPU
		{03ECE13A-3225-4730-AFD7-B09FD4D09CE2}.Debug|Any CPU.Build.0 = Debug|Any CPU
		{03ECE13A-3225-4730-AFD7-B09FD4D09CE2}.Release|Any CPU.ActiveCfg = Release|Any CPU
		{03ECE13A-3225-4730-AFD7-B09FD4D09CE2}.Release|Any CPU.Build.0 = Release|Any CPU
		{4F0FF146-30D4-4AA5-9BB0-EF3456AED5E8}.Debug|Any CPU.ActiveCfg = Debug|Any CPU
		{4F0FF146-30D4-4AA5-9BB0-EF3456AED5E8}.Debug|Any CPU.Build.0 = Debug|Any CPU
		{4F0FF146-30D4-4AA5-9BB0-EF3456AED5E8}.Release|Any CPU.ActiveCfg = Release|Any CPU
		{4F0FF146-30D4-4AA5-9BB0-EF3456AED5E8}.Release|Any CPU.Build.0 = Release|Any CPU
		{9AEDA38B-E84D-46F4-97A5-A134618DB69D}.Debug|Any CPU.ActiveCfg = Debug|Any CPU
		{9AEDA38B-E84D-46F4-97A5-A134618DB69D}.Debug|Any CPU.Build.0 = Debug|Any CPU
		{9AEDA38B-E84D-46F4-97A5-A134618DB69D}.Release|Any CPU.ActiveCfg = Release|Any CPU
		{9AEDA38B-E84D-46F4-97A5-A134618DB69D}.Release|Any CPU.Build.0 = Release|Any CPU
		{BA0FDD09-25F2-4F97-AC54-7A7B34F946B2}.Debug|Any CPU.ActiveCfg = Debug|Any CPU
		{BA0FDD09-25F2-4F97-AC54-7A7B34F946B2}.Debug|Any CPU.Build.0 = Debug|Any CPU
		{BA0FDD09-25F2-4F97-AC54-7A7B34F946B2}.Release|Any CPU.ActiveCfg = Release|Any CPU
		{BA0FDD09-25F2-4F97-AC54-7A7B34F946B2}.Release|Any CPU.Build.0 = Release|Any CPU
		{A532F22C-6A49-4B0B-A90A-80236218F60A}.Debug|Any CPU.ActiveCfg = Debug|Any CPU
		{A532F22C-6A49-4B0B-A90A-80236218F60A}.Debug|Any CPU.Build.0 = Debug|Any CPU
		{A532F22C-6A49-4B0B-A90A-80236218F60A}.Release|Any CPU.ActiveCfg = Release|Any CPU
		{A532F22C-6A49-4B0B-A90A-80236218F60A}.Release|Any CPU.Build.0 = Release|Any CPU
		{C6852D89-61E3-45B9-B9DA-EF865301ED11}.Debug|Any CPU.ActiveCfg = Debug|Any CPU
		{C6852D89-61E3-45B9-B9DA-EF865301ED11}.Debug|Any CPU.Build.0 = Debug|Any CPU
		{C6852D89-61E3-45B9-B9DA-EF865301ED11}.Release|Any CPU.ActiveCfg = Release|Any CPU
		{C6852D89-61E3-45B9-B9DA-EF865301ED11}.Release|Any CPU.Build.0 = Release|Any CPU
		{03425D44-10A1-485F-99C8-2A457D58208F}.Debug|Any CPU.ActiveCfg = Debug|Any CPU
		{03425D44-10A1-485F-99C8-2A457D58208F}.Debug|Any CPU.Build.0 = Debug|Any CPU
		{03425D44-10A1-485F-99C8-2A457D58208F}.Release|Any CPU.ActiveCfg = Release|Any CPU
		{03425D44-10A1-485F-99C8-2A457D58208F}.Release|Any CPU.Build.0 = Release|Any CPU
		{9A156DDD-15DD-49F4-A141-C179CEF8906C}.Debug|Any CPU.ActiveCfg = Debug|Any CPU
		{9A156DDD-15DD-49F4-A141-C179CEF8906C}.Debug|Any CPU.Build.0 = Debug|Any CPU
		{9A156DDD-15DD-49F4-A141-C179CEF8906C}.Release|Any CPU.ActiveCfg = Release|Any CPU
		{9A156DDD-15DD-49F4-A141-C179CEF8906C}.Release|Any CPU.Build.0 = Release|Any CPU
		{F784EADB-4D87-4644-A0F6-317C1FF4CCF6}.Debug|Any CPU.ActiveCfg = Debug|Any CPU
		{F784EADB-4D87-4644-A0F6-317C1FF4CCF6}.Debug|Any CPU.Build.0 = Debug|Any CPU
		{F784EADB-4D87-4644-A0F6-317C1FF4CCF6}.Release|Any CPU.ActiveCfg = Release|Any CPU
		{F784EADB-4D87-4644-A0F6-317C1FF4CCF6}.Release|Any CPU.Build.0 = Release|Any CPU
		{4E7CC355-37F1-43EE-9BB2-0C9A89DE4DBB}.Debug|Any CPU.ActiveCfg = Debug|Any CPU
		{4E7CC355-37F1-43EE-9BB2-0C9A89DE4DBB}.Debug|Any CPU.Build.0 = Debug|Any CPU
		{4E7CC355-37F1-43EE-9BB2-0C9A89DE4DBB}.Release|Any CPU.ActiveCfg = Release|Any CPU
		{4E7CC355-37F1-43EE-9BB2-0C9A89DE4DBB}.Release|Any CPU.Build.0 = Release|Any CPU
		{DBFA70B4-96B8-4193-A980-6BB08AE23A99}.Debug|Any CPU.ActiveCfg = Debug|Any CPU
		{DBFA70B4-96B8-4193-A980-6BB08AE23A99}.Debug|Any CPU.Build.0 = Debug|Any CPU
		{DBFA70B4-96B8-4193-A980-6BB08AE23A99}.Release|Any CPU.ActiveCfg = Release|Any CPU
		{DBFA70B4-96B8-4193-A980-6BB08AE23A99}.Release|Any CPU.Build.0 = Release|Any CPU
		{0481977C-C1E9-446C-9502-9B1089846AC8}.Debug|Any CPU.ActiveCfg = Debug|Any CPU
		{0481977C-C1E9-446C-9502-9B1089846AC8}.Debug|Any CPU.Build.0 = Debug|Any CPU
		{0481977C-C1E9-446C-9502-9B1089846AC8}.Release|Any CPU.ActiveCfg = Release|Any CPU
		{0481977C-C1E9-446C-9502-9B1089846AC8}.Release|Any CPU.Build.0 = Release|Any CPU
		{2DA22C4E-DB26-49EF-B5D3-B3FF4921DF04}.Debug|Any CPU.ActiveCfg = Debug|Any CPU
		{2DA22C4E-DB26-49EF-B5D3-B3FF4921DF04}.Debug|Any CPU.Build.0 = Debug|Any CPU
		{2DA22C4E-DB26-49EF-B5D3-B3FF4921DF04}.Release|Any CPU.ActiveCfg = Release|Any CPU
		{2DA22C4E-DB26-49EF-B5D3-B3FF4921DF04}.Release|Any CPU.Build.0 = Release|Any CPU
		{B8237C7C-689C-46D6-A848-AF9775520605}.Debug|Any CPU.ActiveCfg = Debug|Any CPU
		{B8237C7C-689C-46D6-A848-AF9775520605}.Debug|Any CPU.Build.0 = Debug|Any CPU
		{B8237C7C-689C-46D6-A848-AF9775520605}.Release|Any CPU.ActiveCfg = Release|Any CPU
		{B8237C7C-689C-46D6-A848-AF9775520605}.Release|Any CPU.Build.0 = Release|Any CPU
		{5F44E0AB-043A-4122-8AA2-F8FED284B40E}.Debug|Any CPU.ActiveCfg = Debug|Any CPU
		{5F44E0AB-043A-4122-8AA2-F8FED284B40E}.Debug|Any CPU.Build.0 = Debug|Any CPU
		{5F44E0AB-043A-4122-8AA2-F8FED284B40E}.Release|Any CPU.ActiveCfg = Release|Any CPU
		{5F44E0AB-043A-4122-8AA2-F8FED284B40E}.Release|Any CPU.Build.0 = Release|Any CPU
		{F27C0C6A-1F0B-4A6E-B9DA-1B7F22110088}.Debug|Any CPU.ActiveCfg = Debug|Any CPU
		{F27C0C6A-1F0B-4A6E-B9DA-1B7F22110088}.Debug|Any CPU.Build.0 = Debug|Any CPU
		{F27C0C6A-1F0B-4A6E-B9DA-1B7F22110088}.Release|Any CPU.ActiveCfg = Release|Any CPU
		{F27C0C6A-1F0B-4A6E-B9DA-1B7F22110088}.Release|Any CPU.Build.0 = Release|Any CPU
		{44BA7D04-1D1A-4EA3-8D06-8CB64D6B2296}.Debug|Any CPU.ActiveCfg = Debug|Any CPU
		{44BA7D04-1D1A-4EA3-8D06-8CB64D6B2296}.Debug|Any CPU.Build.0 = Debug|Any CPU
		{44BA7D04-1D1A-4EA3-8D06-8CB64D6B2296}.Release|Any CPU.ActiveCfg = Release|Any CPU
		{44BA7D04-1D1A-4EA3-8D06-8CB64D6B2296}.Release|Any CPU.Build.0 = Release|Any CPU
		{45E54C89-FFB9-4CF8-915B-00FBD86C65D6}.Debug|Any CPU.ActiveCfg = Debug|Any CPU
		{45E54C89-FFB9-4CF8-915B-00FBD86C65D6}.Debug|Any CPU.Build.0 = Debug|Any CPU
		{45E54C89-FFB9-4CF8-915B-00FBD86C65D6}.Release|Any CPU.ActiveCfg = Release|Any CPU
		{45E54C89-FFB9-4CF8-915B-00FBD86C65D6}.Release|Any CPU.Build.0 = Release|Any CPU
		{05EF0ECC-E691-4867-BAA6-DEEECF886134}.Debug|Any CPU.ActiveCfg = Debug|Any CPU
		{05EF0ECC-E691-4867-BAA6-DEEECF886134}.Debug|Any CPU.Build.0 = Debug|Any CPU
		{05EF0ECC-E691-4867-BAA6-DEEECF886134}.Release|Any CPU.ActiveCfg = Release|Any CPU
		{05EF0ECC-E691-4867-BAA6-DEEECF886134}.Release|Any CPU.Build.0 = Release|Any CPU
		{51AF3C92-08CC-443D-A998-243B6F98F74B}.Debug|Any CPU.ActiveCfg = Debug|Any CPU
		{51AF3C92-08CC-443D-A998-243B6F98F74B}.Debug|Any CPU.Build.0 = Debug|Any CPU
		{51AF3C92-08CC-443D-A998-243B6F98F74B}.Release|Any CPU.ActiveCfg = Release|Any CPU
		{51AF3C92-08CC-443D-A998-243B6F98F74B}.Release|Any CPU.Build.0 = Release|Any CPU
		{21B9E8FB-4623-4385-8422-A8735EEF52D3}.Debug|Any CPU.ActiveCfg = Debug|Any CPU
		{21B9E8FB-4623-4385-8422-A8735EEF52D3}.Debug|Any CPU.Build.0 = Debug|Any CPU
		{21B9E8FB-4623-4385-8422-A8735EEF52D3}.Release|Any CPU.ActiveCfg = Release|Any CPU
		{21B9E8FB-4623-4385-8422-A8735EEF52D3}.Release|Any CPU.Build.0 = Release|Any CPU
		{F7194E89-8FEA-4DE5-8A82-09FBC0282165}.Debug|Any CPU.ActiveCfg = Debug|Any CPU
		{F7194E89-8FEA-4DE5-8A82-09FBC0282165}.Debug|Any CPU.Build.0 = Debug|Any CPU
		{F7194E89-8FEA-4DE5-8A82-09FBC0282165}.Release|Any CPU.ActiveCfg = Release|Any CPU
		{F7194E89-8FEA-4DE5-8A82-09FBC0282165}.Release|Any CPU.Build.0 = Release|Any CPU
		{1BAF2A63-3F97-45A0-B8A4-B888099099CA}.Debug|Any CPU.ActiveCfg = Debug|Any CPU
		{1BAF2A63-3F97-45A0-B8A4-B888099099CA}.Debug|Any CPU.Build.0 = Debug|Any CPU
		{1BAF2A63-3F97-45A0-B8A4-B888099099CA}.Release|Any CPU.ActiveCfg = Release|Any CPU
		{1BAF2A63-3F97-45A0-B8A4-B888099099CA}.Release|Any CPU.Build.0 = Release|Any CPU
	EndGlobalSection
	GlobalSection(SolutionProperties) = preSolution
		HideSolutionNode = FALSE
	EndGlobalSection
	GlobalSection(ExtensibilityGlobals) = postSolution
		SolutionGuid = {1E7180C4-FC9E-45AE-BD82-C9EE659ED980}
	EndGlobalSection
EndGlobal
