
Microsoft Visual Studio Solution File, Format Version 12.00
# Visual Studio Version 17
VisualStudioVersion = 17.9.34622.214
MinimumVisualStudioVersion = 10.0.40219.1
Project("{9A19103F-16F7-4668-BE54-9A1E7A4F7556}") = "usdtobgn", "usdtobgn\usdtobgn.csproj", "{6A886735-0F4E-4F5F-AE21-726E66ECE071}"
EndProject
Project("{9A19103F-16F7-4668-BE54-9A1E7A4F7556}") = "Catch Me", "Catch Me\Catch Me.csproj", "{9AA59196-B836-4775-BE96-F4F8CCEA4F47}"
EndProject
Project("{9A19103F-16F7-4668-BE54-9A1E7A4F7556}") = "Excellent Grade", "Excellent Grade\Excellent Grade.csproj", "{914EC4DD-9529-4109-BEBD-D3E90F886684}"
EndProject
Project("{9A19103F-16F7-4668-BE54-9A1E7A4F7556}") = "odd or even", "odd or even\odd or even.csproj", "{45147016-11D6-4256-9034-835454B5FE73}"
EndProject
Project("{9A19103F-16F7-4668-BE54-9A1E7A4F7556}") = "find the greater number", "find the greater number\find the greater number.csproj", "{A0EA67E3-C0D0-4F36-9462-81B59E0AC119}"
EndProject
Project("{9A19103F-16F7-4668-BE54-9A1E7A4F7556}") = "digit in words", "digit in words\digit in words.csproj", "{4299A4E7-F438-4D8D-AA15-2A722251AC62}"
EndProject
Project("{9A19103F-16F7-4668-BE54-9A1E7A4F7556}") = "summing up seconds", "summing up seconds\summing up seconds.csproj", "{D5CC1FC9-DA95-46F9-ADE3-26FE1A579789}"
EndProject
Project("{9A19103F-16F7-4668-BE54-9A1E7A4F7556}") = "Metric Converter", "Metric Converter\Metric Converter.csproj", "{B2DE14AB-0102-4D58-9184-6489CA4CE9BF}"
EndProject
Project("{9A19103F-16F7-4668-BE54-9A1E7A4F7556}") = "Numbers from 100 to 200", "Numbers from 100 to 200\Numbers from 100 to 200.csproj", "{481B27E3-7D19-4743-A578-893F00CEEBA6}"
EndProject
Project("{9A19103F-16F7-4668-BE54-9A1E7A4F7556}") = "Identical Words", "Identical Words\Identical Words.csproj", "{AC43CC0A-D3FE-449C-A7BF-45CE41A6AEA1}"
EndProject
Project("{9A19103F-16F7-4668-BE54-9A1E7A4F7556}") = "Speed Assessment", "Speed Assessment\Speed Assessment.csproj", "{D2812DFF-4334-4817-BE9F-47C6436AE627}"
EndProject
Project("{9A19103F-16F7-4668-BE54-9A1E7A4F7556}") = "Area Calculator", "Area Calculator\Area Calculator.csproj", "{74F51D90-CBEF-4FB4-8071-7C5D82798812}"
EndProject
Project("{9A19103F-16F7-4668-BE54-9A1E7A4F7556}") = "Time + 15 minutes", "Time + 15 minutes\Time + 15 minutes.csproj", "{E1C167B6-8F13-4F51-A3F2-EAAB4E77AF94}"
EndProject
Project("{9A19103F-16F7-4668-BE54-9A1E7A4F7556}") = "equal 3 numbers", "equal 3 numbers\equal 3 numbers.csproj", "{ACB8B690-F5E3-4BF8-B1BF-5406BC6B376E}"
EndProject
Project("{9A19103F-16F7-4668-BE54-9A1E7A4F7556}") = "Numbers from 0 to 100 as English Words", "Numbers from 0 to 100 as English Words\Numbers from 0 to 100 as English Words.csproj", "{5CF502C3-693F-42C7-AC78-D1C12F5788C3}"
EndProject
Project("{9A19103F-16F7-4668-BE54-9A1E7A4F7556}") = "Transportation Price", "Transportation Price\Transportation Price.csproj", "{AA254F1C-6420-40A8-B3BC-4AD092123AA4}"
EndProject
Project("{9A19103F-16F7-4668-BE54-9A1E7A4F7556}") = "Pipes in Pool", "Pipes in Pool\Pipes in Pool.csproj", "{E85A5351-1F4B-4C1D-831F-916001D64ED5}"
EndProject
Project("{9A19103F-16F7-4668-BE54-9A1E7A4F7556}") = "Sleepy Tom Cat", "Sleepy Tom Cat\Sleepy Tom Cat.csproj", "{D2B6C118-B858-4798-A127-37F2356F4129}"
EndProject
Project("{9A19103F-16F7-4668-BE54-9A1E7A4F7556}") = "Harvest", "Harvest\Harvest.csproj", "{51E3DA43-8649-49F9-AC67-1181E95F72CF}"
EndProject
Project("{9A19103F-16F7-4668-BE54-9A1E7A4F7556}") = "Firm", "Firm\Firm.csproj", "{CE7BB863-B65B-42F2-9092-A995996ED9EC}"
EndProject
Project("{9A19103F-16F7-4668-BE54-9A1E7A4F7556}") = "Personal Titles", "Personal Titles\Personal Titles.csproj", "{31314C83-41B8-4A45-9687-C9AFC3F4E08D}"
EndProject
Project("{9A19103F-16F7-4668-BE54-9A1E7A4F7556}") = "Prime Number Checking", "Prime Number Checking\Prime Number Checking.csproj", "{05C8D4D1-63E0-4CCE-83E4-169E2CE8D9CC}"
EndProject
Project("{9A19103F-16F7-4668-BE54-9A1E7A4F7556}") = "Nested Loops and Break", "Nested Loops and Break\Nested Loops and Break.csproj", "{AC5371AE-169A-40A0-9EEA-2BAEE15D4805}"
EndProject
Project("{9A19103F-16F7-4668-BE54-9A1E7A4F7556}") = "Try-Catch", "Try-Catch\Try-Catch.csproj", "{51356AC6-948F-47F1-8B16-8D3829C1EF58}"
EndProject
Project("{9A19103F-16F7-4668-BE54-9A1E7A4F7556}") = "Methods with parameters", "Methods with parameters\Methods with parameters.csproj", "{B83B2916-C524-4478-8E43-6B00D456B4E1}"
EndProject
Project("{9A19103F-16F7-4668-BE54-9A1E7A4F7556}") = "methods1", "methods1\methods1.csproj", "{B0B63A54-D7C4-49AC-9E6C-184CF787E812}"
EndProject
Project("{9A19103F-16F7-4668-BE54-9A1E7A4F7556}") = "methodsWithReturn", "methodsWithReturn\methodsWithReturn.csproj", "{49A7AA34-B958-44C4-993D-5BE565575CCD}"
EndProject
Project("{9A19103F-16F7-4668-BE54-9A1E7A4F7556}") = "Small Shop", "Small Shop\Small Shop.csproj", "{B87494B4-5686-4F8B-8CC5-046948AB01FB}"
EndProject
Project("{9A19103F-16F7-4668-BE54-9A1E7A4F7556}") = "Point in Rectangle", "Point in Rectangle\Point in Rectangle.csproj", "{04DBDD13-9D74-45DC-AD35-45AC419F3719}"
EndProject
Project("{FAE04EC0-301F-11D3-BF4B-00C04F79EFBC}") = "Calculator", "Calculator\Calculator.csproj", "{A6D077F7-54D2-4AA4-BD81-313ECB01EEDC}"
EndProject
Project("{9A19103F-16F7-4668-BE54-9A1E7A4F7556}") = "Fruit or Vegetable", "Fruit or Vegetable\Fruit or Vegetable.csproj", "{11475AB6-55C8-40AC-B881-5C63A7412814}"
EndProject
Project("{9A19103F-16F7-4668-BE54-9A1E7A4F7556}") = "Invalid Number", "Invalid Number\Invalid Number.csproj", "{8A8FF1A9-692F-494D-A8A4-0BE9F36EAB3F}"
EndProject
Project("{9A19103F-16F7-4668-BE54-9A1E7A4F7556}") = "Point on a Rectangle Border", "Point on a Rectangle Border\Point on a Rectangle Border.csproj", "{00705568-2A81-4B60-B0B5-DA412B9D0C1C}"
EndProject
Project("{9A19103F-16F7-4668-BE54-9A1E7A4F7556}") = "Fruit Shop", "Fruit Shop\Fruit Shop.csproj", "{D253BF9E-A555-4EEF-96E9-22DDD9830E9C}"
EndProject
Project("{9A19103F-16F7-4668-BE54-9A1E7A4F7556}") = "Trade Fees", "Trade Fees\Trade Fees.csproj", "{6ADC908E-E85A-487E-B822-051414589032}"
EndProject
Project("{9A19103F-16F7-4668-BE54-9A1E7A4F7556}") = "Day of the Week", "Day of the Week\Day of the Week.csproj", "{B324BDF6-1F58-482D-8B49-D26B9D299382}"
EndProject
Project("{9A19103F-16F7-4668-BE54-9A1E7A4F7556}") = "Animal Type", "Animal Type\Animal Type.csproj", "{0BE952AA-FB8C-4852-8F73-E7817396E747}"
EndProject
Project("{9A19103F-16F7-4668-BE54-9A1E7A4F7556}") = "Cinema", "Cinema\Cinema.csproj", "{A08470FF-633A-4073-9CCE-A67D3B17CD64}"
EndProject
Project("{FAE04EC0-301F-11D3-BF4B-00C04F79EFBC}") = "Brute-Force Password Cracker", "Brute-Force Password Cracker\Brute-Force Password Cracker.csproj", "{B96AED28-E679-42F5-BF7B-54A4E11F69C2}"
EndProject
Global
	GlobalSection(SolutionConfigurationPlatforms) = preSolution
		Debug|Any CPU = Debug|Any CPU
		Release|Any CPU = Release|Any CPU
	EndGlobalSection
	GlobalSection(ProjectConfigurationPlatforms) = postSolution
		{6A886735-0F4E-4F5F-AE21-726E66ECE071}.Debug|Any CPU.ActiveCfg = Debug|Any CPU
		{6A886735-0F4E-4F5F-AE21-726E66ECE071}.Debug|Any CPU.Build.0 = Debug|Any CPU
		{6A886735-0F4E-4F5F-AE21-726E66ECE071}.Release|Any CPU.ActiveCfg = Release|Any CPU
		{6A886735-0F4E-4F5F-AE21-726E66ECE071}.Release|Any CPU.Build.0 = Release|Any CPU
		{9AA59196-B836-4775-BE96-F4F8CCEA4F47}.Debug|Any CPU.ActiveCfg = Debug|Any CPU
		{9AA59196-B836-4775-BE96-F4F8CCEA4F47}.Debug|Any CPU.Build.0 = Debug|Any CPU
		{9AA59196-B836-4775-BE96-F4F8CCEA4F47}.Release|Any CPU.ActiveCfg = Release|Any CPU
		{9AA59196-B836-4775-BE96-F4F8CCEA4F47}.Release|Any CPU.Build.0 = Release|Any CPU
		{914EC4DD-9529-4109-BEBD-D3E90F886684}.Debug|Any CPU.ActiveCfg = Debug|Any CPU
		{914EC4DD-9529-4109-BEBD-D3E90F886684}.Debug|Any CPU.Build.0 = Debug|Any CPU
		{914EC4DD-9529-4109-BEBD-D3E90F886684}.Release|Any CPU.ActiveCfg = Release|Any CPU
		{914EC4DD-9529-4109-BEBD-D3E90F886684}.Release|Any CPU.Build.0 = Release|Any CPU
		{45147016-11D6-4256-9034-835454B5FE73}.Debug|Any CPU.ActiveCfg = Debug|Any CPU
		{45147016-11D6-4256-9034-835454B5FE73}.Debug|Any CPU.Build.0 = Debug|Any CPU
		{45147016-11D6-4256-9034-835454B5FE73}.Release|Any CPU.ActiveCfg = Release|Any CPU
		{45147016-11D6-4256-9034-835454B5FE73}.Release|Any CPU.Build.0 = Release|Any CPU
		{A0EA67E3-C0D0-4F36-9462-81B59E0AC119}.Debug|Any CPU.ActiveCfg = Debug|Any CPU
		{A0EA67E3-C0D0-4F36-9462-81B59E0AC119}.Debug|Any CPU.Build.0 = Debug|Any CPU
		{A0EA67E3-C0D0-4F36-9462-81B59E0AC119}.Release|Any CPU.ActiveCfg = Release|Any CPU
		{A0EA67E3-C0D0-4F36-9462-81B59E0AC119}.Release|Any CPU.Build.0 = Release|Any CPU
		{4299A4E7-F438-4D8D-AA15-2A722251AC62}.Debug|Any CPU.ActiveCfg = Debug|Any CPU
		{4299A4E7-F438-4D8D-AA15-2A722251AC62}.Debug|Any CPU.Build.0 = Debug|Any CPU
		{4299A4E7-F438-4D8D-AA15-2A722251AC62}.Release|Any CPU.ActiveCfg = Release|Any CPU
		{4299A4E7-F438-4D8D-AA15-2A722251AC62}.Release|Any CPU.Build.0 = Release|Any CPU
		{D5CC1FC9-DA95-46F9-ADE3-26FE1A579789}.Debug|Any CPU.ActiveCfg = Debug|Any CPU
		{D5CC1FC9-DA95-46F9-ADE3-26FE1A579789}.Debug|Any CPU.Build.0 = Debug|Any CPU
		{D5CC1FC9-DA95-46F9-ADE3-26FE1A579789}.Release|Any CPU.ActiveCfg = Release|Any CPU
		{D5CC1FC9-DA95-46F9-ADE3-26FE1A579789}.Release|Any CPU.Build.0 = Release|Any CPU
		{B2DE14AB-0102-4D58-9184-6489CA4CE9BF}.Debug|Any CPU.ActiveCfg = Debug|Any CPU
		{B2DE14AB-0102-4D58-9184-6489CA4CE9BF}.Debug|Any CPU.Build.0 = Debug|Any CPU
		{B2DE14AB-0102-4D58-9184-6489CA4CE9BF}.Release|Any CPU.ActiveCfg = Release|Any CPU
		{B2DE14AB-0102-4D58-9184-6489CA4CE9BF}.Release|Any CPU.Build.0 = Release|Any CPU
		{481B27E3-7D19-4743-A578-893F00CEEBA6}.Debug|Any CPU.ActiveCfg = Debug|Any CPU
		{481B27E3-7D19-4743-A578-893F00CEEBA6}.Debug|Any CPU.Build.0 = Debug|Any CPU
		{481B27E3-7D19-4743-A578-893F00CEEBA6}.Release|Any CPU.ActiveCfg = Release|Any CPU
		{481B27E3-7D19-4743-A578-893F00CEEBA6}.Release|Any CPU.Build.0 = Release|Any CPU
		{AC43CC0A-D3FE-449C-A7BF-45CE41A6AEA1}.Debug|Any CPU.ActiveCfg = Debug|Any CPU
		{AC43CC0A-D3FE-449C-A7BF-45CE41A6AEA1}.Debug|Any CPU.Build.0 = Debug|Any CPU
		{AC43CC0A-D3FE-449C-A7BF-45CE41A6AEA1}.Release|Any CPU.ActiveCfg = Release|Any CPU
		{AC43CC0A-D3FE-449C-A7BF-45CE41A6AEA1}.Release|Any CPU.Build.0 = Release|Any CPU
		{D2812DFF-4334-4817-BE9F-47C6436AE627}.Debug|Any CPU.ActiveCfg = Debug|Any CPU
		{D2812DFF-4334-4817-BE9F-47C6436AE627}.Debug|Any CPU.Build.0 = Debug|Any CPU
		{D2812DFF-4334-4817-BE9F-47C6436AE627}.Release|Any CPU.ActiveCfg = Release|Any CPU
		{D2812DFF-4334-4817-BE9F-47C6436AE627}.Release|Any CPU.Build.0 = Release|Any CPU
		{74F51D90-CBEF-4FB4-8071-7C5D82798812}.Debug|Any CPU.ActiveCfg = Debug|Any CPU
		{74F51D90-CBEF-4FB4-8071-7C5D82798812}.Debug|Any CPU.Build.0 = Debug|Any CPU
		{74F51D90-CBEF-4FB4-8071-7C5D82798812}.Release|Any CPU.ActiveCfg = Release|Any CPU
		{74F51D90-CBEF-4FB4-8071-7C5D82798812}.Release|Any CPU.Build.0 = Release|Any CPU
		{E1C167B6-8F13-4F51-A3F2-EAAB4E77AF94}.Debug|Any CPU.ActiveCfg = Debug|Any CPU
		{E1C167B6-8F13-4F51-A3F2-EAAB4E77AF94}.Debug|Any CPU.Build.0 = Debug|Any CPU
		{E1C167B6-8F13-4F51-A3F2-EAAB4E77AF94}.Release|Any CPU.ActiveCfg = Release|Any CPU
		{E1C167B6-8F13-4F51-A3F2-EAAB4E77AF94}.Release|Any CPU.Build.0 = Release|Any CPU
		{ACB8B690-F5E3-4BF8-B1BF-5406BC6B376E}.Debug|Any CPU.ActiveCfg = Debug|Any CPU
		{ACB8B690-F5E3-4BF8-B1BF-5406BC6B376E}.Debug|Any CPU.Build.0 = Debug|Any CPU
		{ACB8B690-F5E3-4BF8-B1BF-5406BC6B376E}.Release|Any CPU.ActiveCfg = Release|Any CPU
		{ACB8B690-F5E3-4BF8-B1BF-5406BC6B376E}.Release|Any CPU.Build.0 = Release|Any CPU
		{5CF502C3-693F-42C7-AC78-D1C12F5788C3}.Debug|Any CPU.ActiveCfg = Debug|Any CPU
		{5CF502C3-693F-42C7-AC78-D1C12F5788C3}.Debug|Any CPU.Build.0 = Debug|Any CPU
		{5CF502C3-693F-42C7-AC78-D1C12F5788C3}.Release|Any CPU.ActiveCfg = Release|Any CPU
		{5CF502C3-693F-42C7-AC78-D1C12F5788C3}.Release|Any CPU.Build.0 = Release|Any CPU
		{AA254F1C-6420-40A8-B3BC-4AD092123AA4}.Debug|Any CPU.ActiveCfg = Debug|Any CPU
		{AA254F1C-6420-40A8-B3BC-4AD092123AA4}.Debug|Any CPU.Build.0 = Debug|Any CPU
		{AA254F1C-6420-40A8-B3BC-4AD092123AA4}.Release|Any CPU.ActiveCfg = Release|Any CPU
		{AA254F1C-6420-40A8-B3BC-4AD092123AA4}.Release|Any CPU.Build.0 = Release|Any CPU
		{E85A5351-1F4B-4C1D-831F-916001D64ED5}.Debug|Any CPU.ActiveCfg = Debug|Any CPU
		{E85A5351-1F4B-4C1D-831F-916001D64ED5}.Debug|Any CPU.Build.0 = Debug|Any CPU
		{E85A5351-1F4B-4C1D-831F-916001D64ED5}.Release|Any CPU.ActiveCfg = Release|Any CPU
		{E85A5351-1F4B-4C1D-831F-916001D64ED5}.Release|Any CPU.Build.0 = Release|Any CPU
		{D2B6C118-B858-4798-A127-37F2356F4129}.Debug|Any CPU.ActiveCfg = Debug|Any CPU
		{D2B6C118-B858-4798-A127-37F2356F4129}.Debug|Any CPU.Build.0 = Debug|Any CPU
		{D2B6C118-B858-4798-A127-37F2356F4129}.Release|Any CPU.ActiveCfg = Release|Any CPU
		{D2B6C118-B858-4798-A127-37F2356F4129}.Release|Any CPU.Build.0 = Release|Any CPU
		{51E3DA43-8649-49F9-AC67-1181E95F72CF}.Debug|Any CPU.ActiveCfg = Debug|Any CPU
		{51E3DA43-8649-49F9-AC67-1181E95F72CF}.Debug|Any CPU.Build.0 = Debug|Any CPU
		{51E3DA43-8649-49F9-AC67-1181E95F72CF}.Release|Any CPU.ActiveCfg = Release|Any CPU
		{51E3DA43-8649-49F9-AC67-1181E95F72CF}.Release|Any CPU.Build.0 = Release|Any CPU
		{CE7BB863-B65B-42F2-9092-A995996ED9EC}.Debug|Any CPU.ActiveCfg = Debug|Any CPU
		{CE7BB863-B65B-42F2-9092-A995996ED9EC}.Debug|Any CPU.Build.0 = Debug|Any CPU
		{CE7BB863-B65B-42F2-9092-A995996ED9EC}.Release|Any CPU.ActiveCfg = Release|Any CPU
		{CE7BB863-B65B-42F2-9092-A995996ED9EC}.Release|Any CPU.Build.0 = Release|Any CPU
		{31314C83-41B8-4A45-9687-C9AFC3F4E08D}.Debug|Any CPU.ActiveCfg = Debug|Any CPU
		{31314C83-41B8-4A45-9687-C9AFC3F4E08D}.Debug|Any CPU.Build.0 = Debug|Any CPU
		{31314C83-41B8-4A45-9687-C9AFC3F4E08D}.Release|Any CPU.ActiveCfg = Release|Any CPU
		{31314C83-41B8-4A45-9687-C9AFC3F4E08D}.Release|Any CPU.Build.0 = Release|Any CPU
		{05C8D4D1-63E0-4CCE-83E4-169E2CE8D9CC}.Debug|Any CPU.ActiveCfg = Debug|Any CPU
		{05C8D4D1-63E0-4CCE-83E4-169E2CE8D9CC}.Debug|Any CPU.Build.0 = Debug|Any CPU
		{05C8D4D1-63E0-4CCE-83E4-169E2CE8D9CC}.Release|Any CPU.ActiveCfg = Release|Any CPU
		{05C8D4D1-63E0-4CCE-83E4-169E2CE8D9CC}.Release|Any CPU.Build.0 = Release|Any CPU
		{AC5371AE-169A-40A0-9EEA-2BAEE15D4805}.Debug|Any CPU.ActiveCfg = Debug|Any CPU
		{AC5371AE-169A-40A0-9EEA-2BAEE15D4805}.Debug|Any CPU.Build.0 = Debug|Any CPU
		{AC5371AE-169A-40A0-9EEA-2BAEE15D4805}.Release|Any CPU.ActiveCfg = Release|Any CPU
		{AC5371AE-169A-40A0-9EEA-2BAEE15D4805}.Release|Any CPU.Build.0 = Release|Any CPU
		{51356AC6-948F-47F1-8B16-8D3829C1EF58}.Debug|Any CPU.ActiveCfg = Debug|Any CPU
		{51356AC6-948F-47F1-8B16-8D3829C1EF58}.Debug|Any CPU.Build.0 = Debug|Any CPU
		{51356AC6-948F-47F1-8B16-8D3829C1EF58}.Release|Any CPU.ActiveCfg = Release|Any CPU
		{51356AC6-948F-47F1-8B16-8D3829C1EF58}.Release|Any CPU.Build.0 = Release|Any CPU
		{B83B2916-C524-4478-8E43-6B00D456B4E1}.Debug|Any CPU.ActiveCfg = Debug|Any CPU
		{B83B2916-C524-4478-8E43-6B00D456B4E1}.Debug|Any CPU.Build.0 = Debug|Any CPU
		{B83B2916-C524-4478-8E43-6B00D456B4E1}.Release|Any CPU.ActiveCfg = Release|Any CPU
		{B83B2916-C524-4478-8E43-6B00D456B4E1}.Release|Any CPU.Build.0 = Release|Any CPU
		{B0B63A54-D7C4-49AC-9E6C-184CF787E812}.Debug|Any CPU.ActiveCfg = Debug|Any CPU
		{B0B63A54-D7C4-49AC-9E6C-184CF787E812}.Debug|Any CPU.Build.0 = Debug|Any CPU
		{B0B63A54-D7C4-49AC-9E6C-184CF787E812}.Release|Any CPU.ActiveCfg = Release|Any CPU
		{B0B63A54-D7C4-49AC-9E6C-184CF787E812}.Release|Any CPU.Build.0 = Release|Any CPU
		{49A7AA34-B958-44C4-993D-5BE565575CCD}.Debug|Any CPU.ActiveCfg = Debug|Any CPU
		{49A7AA34-B958-44C4-993D-5BE565575CCD}.Debug|Any CPU.Build.0 = Debug|Any CPU
		{49A7AA34-B958-44C4-993D-5BE565575CCD}.Release|Any CPU.ActiveCfg = Release|Any CPU
		{49A7AA34-B958-44C4-993D-5BE565575CCD}.Release|Any CPU.Build.0 = Release|Any CPU
		{B87494B4-5686-4F8B-8CC5-046948AB01FB}.Debug|Any CPU.ActiveCfg = Debug|Any CPU
		{B87494B4-5686-4F8B-8CC5-046948AB01FB}.Debug|Any CPU.Build.0 = Debug|Any CPU
		{B87494B4-5686-4F8B-8CC5-046948AB01FB}.Release|Any CPU.ActiveCfg = Release|Any CPU
		{B87494B4-5686-4F8B-8CC5-046948AB01FB}.Release|Any CPU.Build.0 = Release|Any CPU
		{04DBDD13-9D74-45DC-AD35-45AC419F3719}.Debug|Any CPU.ActiveCfg = Debug|Any CPU
		{04DBDD13-9D74-45DC-AD35-45AC419F3719}.Debug|Any CPU.Build.0 = Debug|Any CPU
		{04DBDD13-9D74-45DC-AD35-45AC419F3719}.Release|Any CPU.ActiveCfg = Release|Any CPU
		{04DBDD13-9D74-45DC-AD35-45AC419F3719}.Release|Any CPU.Build.0 = Release|Any CPU
		{A6D077F7-54D2-4AA4-BD81-313ECB01EEDC}.Debug|Any CPU.ActiveCfg = Debug|Any CPU
		{A6D077F7-54D2-4AA4-BD81-313ECB01EEDC}.Debug|Any CPU.Build.0 = Debug|Any CPU
		{A6D077F7-54D2-4AA4-BD81-313ECB01EEDC}.Release|Any CPU.ActiveCfg = Release|Any CPU
		{A6D077F7-54D2-4AA4-BD81-313ECB01EEDC}.Release|Any CPU.Build.0 = Release|Any CPU
		{11475AB6-55C8-40AC-B881-5C63A7412814}.Debug|Any CPU.ActiveCfg = Debug|Any CPU
		{11475AB6-55C8-40AC-B881-5C63A7412814}.Debug|Any CPU.Build.0 = Debug|Any CPU
		{11475AB6-55C8-40AC-B881-5C63A7412814}.Release|Any CPU.ActiveCfg = Release|Any CPU
		{11475AB6-55C8-40AC-B881-5C63A7412814}.Release|Any CPU.Build.0 = Release|Any CPU
		{8A8FF1A9-692F-494D-A8A4-0BE9F36EAB3F}.Debug|Any CPU.ActiveCfg = Debug|Any CPU
		{8A8FF1A9-692F-494D-A8A4-0BE9F36EAB3F}.Debug|Any CPU.Build.0 = Debug|Any CPU
		{8A8FF1A9-692F-494D-A8A4-0BE9F36EAB3F}.Release|Any CPU.ActiveCfg = Release|Any CPU
		{8A8FF1A9-692F-494D-A8A4-0BE9F36EAB3F}.Release|Any CPU.Build.0 = Release|Any CPU
		{00705568-2A81-4B60-B0B5-DA412B9D0C1C}.Debug|Any CPU.ActiveCfg = Debug|Any CPU
		{00705568-2A81-4B60-B0B5-DA412B9D0C1C}.Debug|Any CPU.Build.0 = Debug|Any CPU
		{00705568-2A81-4B60-B0B5-DA412B9D0C1C}.Release|Any CPU.ActiveCfg = Release|Any CPU
		{00705568-2A81-4B60-B0B5-DA412B9D0C1C}.Release|Any CPU.Build.0 = Release|Any CPU
		{D253BF9E-A555-4EEF-96E9-22DDD9830E9C}.Debug|Any CPU.ActiveCfg = Debug|Any CPU
		{D253BF9E-A555-4EEF-96E9-22DDD9830E9C}.Debug|Any CPU.Build.0 = Debug|Any CPU
		{D253BF9E-A555-4EEF-96E9-22DDD9830E9C}.Release|Any CPU.ActiveCfg = Release|Any CPU
		{D253BF9E-A555-4EEF-96E9-22DDD9830E9C}.Release|Any CPU.Build.0 = Release|Any CPU
		{6ADC908E-E85A-487E-B822-051414589032}.Debug|Any CPU.ActiveCfg = Debug|Any CPU
		{6ADC908E-E85A-487E-B822-051414589032}.Debug|Any CPU.Build.0 = Debug|Any CPU
		{6ADC908E-E85A-487E-B822-051414589032}.Release|Any CPU.ActiveCfg = Release|Any CPU
		{6ADC908E-E85A-487E-B822-051414589032}.Release|Any CPU.Build.0 = Release|Any CPU
		{B324BDF6-1F58-482D-8B49-D26B9D299382}.Debug|Any CPU.ActiveCfg = Debug|Any CPU
		{B324BDF6-1F58-482D-8B49-D26B9D299382}.Debug|Any CPU.Build.0 = Debug|Any CPU
		{B324BDF6-1F58-482D-8B49-D26B9D299382}.Release|Any CPU.ActiveCfg = Release|Any CPU
		{B324BDF6-1F58-482D-8B49-D26B9D299382}.Release|Any CPU.Build.0 = Release|Any CPU
		{0BE952AA-FB8C-4852-8F73-E7817396E747}.Debug|Any CPU.ActiveCfg = Debug|Any CPU
		{0BE952AA-FB8C-4852-8F73-E7817396E747}.Debug|Any CPU.Build.0 = Debug|Any CPU
		{0BE952AA-FB8C-4852-8F73-E7817396E747}.Release|Any CPU.ActiveCfg = Release|Any CPU
		{0BE952AA-FB8C-4852-8F73-E7817396E747}.Release|Any CPU.Build.0 = Release|Any CPU
		{A08470FF-633A-4073-9CCE-A67D3B17CD64}.Debug|Any CPU.ActiveCfg = Debug|Any CPU
		{A08470FF-633A-4073-9CCE-A67D3B17CD64}.Debug|Any CPU.Build.0 = Debug|Any CPU
		{A08470FF-633A-4073-9CCE-A67D3B17CD64}.Release|Any CPU.ActiveCfg = Release|Any CPU
		{A08470FF-633A-4073-9CCE-A67D3B17CD64}.Release|Any CPU.Build.0 = Release|Any CPU
		{B96AED28-E679-42F5-BF7B-54A4E11F69C2}.Debug|Any CPU.ActiveCfg = Debug|Any CPU
		{B96AED28-E679-42F5-BF7B-54A4E11F69C2}.Debug|Any CPU.Build.0 = Debug|Any CPU
		{B96AED28-E679-42F5-BF7B-54A4E11F69C2}.Release|Any CPU.ActiveCfg = Release|Any CPU
		{B96AED28-E679-42F5-BF7B-54A4E11F69C2}.Release|Any CPU.Build.0 = Release|Any CPU
	EndGlobalSection
	GlobalSection(SolutionProperties) = preSolution
		HideSolutionNode = FALSE
	EndGlobalSection
	GlobalSection(ExtensibilityGlobals) = postSolution
		SolutionGuid = {1E7180C4-FC9E-45AE-BD82-C9EE659ED980}
	EndGlobalSection
EndGlobal
