
Microsoft Visual Studio Solution File, Format Version 12.00
# Visual Studio Version 17
VisualStudioVersion = 17.4.33122.133
MinimumVisualStudioVersion = 10.0.40219.1
Project("{FAE04EC0-301F-11D3-BF4B-00C04F79EFBC}") = "Brute-Force Password Cracker", "Brute-Force Password Cracker.csproj", "{B96AED28-E679-42F5-BF7B-54A4E11F69C2}"
EndProject
Global
	GlobalSection(SolutionConfigurationPlatforms) = preSolution
		Debug|Any CPU = Debug|Any CPU
		Release|Any CPU = Release|Any CPU
	EndGlobalSection
	GlobalSection(ProjectConfigurationPlatforms) = postSolution
		{B96AED28-E679-42F5-BF7B-54A4E11F69C2}.Debug|Any CPU.ActiveCfg = Debug|Any CPU
		{B96AED28-E679-42F5-BF7B-54A4E11F69C2}.Debug|Any CPU.Build.0 = Debug|Any CPU
		{B96AED28-E679-42F5-BF7B-54A4E11F69C2}.Release|Any CPU.ActiveCfg = Release|Any CPU
		{B96AED28-E679-42F5-BF7B-54A4E11F69C2}.Release|Any CPU.Build.0 = Release|Any CPU
	EndGlobalSection
	GlobalSection(SolutionProperties) = preSolution
		HideSolutionNode = FALSE
	EndGlobalSection
	GlobalSection(ExtensibilityGlobals) = postSolution
		SolutionGuid = {F2581C2C-3214-449A-B461-538DD76A42F5}
	EndGlobalSection
EndGlobal
